# Written by scripts/sync-standards.sh. Do not edit: CI compares managed files against these checksums.
# ref: uat
# commit: c7c846fb908bc44c21906a8ce5e1f327b409f7b3
cd8ae90be227411412c48306b465c5402863ff9980b4582c686b259d606a5373 .amazonq/rules/axelliant.md
f0677ab2d892d8eaf4ca93698a090bdde68df0a128206c31a39c32b4a6fe68bd .clinerules
2ecfa4088593adb2156ce184d47649ecb53b90431c785dff4d91b21ccbb5c9b2 .cursor/rules/axelliant.mdc
0c48e4b7dd30c6ead9d19771f2a1c562971ae9bca857394ad1c24f4c15c13a05 .githooks/commit-msg
5a4c5820549090d60e22130091c16a131c8f8f0d84b8e8f7a7133c395a2a2eb4 .githooks/post-checkout
5a4c5820549090d60e22130091c16a131c8f8f0d84b8e8f7a7133c395a2a2eb4 .githooks/post-merge
81323c674b9f4f947448b2495ef814bd22b4aa389f909cd97f80050b9e6f79ef .githooks/pre-commit
dae9a27dc9197f12a0acc2de3b1207b8aab4d69c51b231ff2da56f1dd936f4a4 .githooks/pre-push
574791ecdee3e175c4e950e9dcf2935d26d1f21fad9d91ca56b091051a671226 .github/ISSUE_TEMPLATE/bug_report.yml
49aa1167614bfc6c520a8490de2467bae4071403cfcedb0d7a20d3e024e117d4 .github/ISSUE_TEMPLATE/feature_request.yml
5972f3e46f791bc133df8fe278ec7f4b56886c56809c7158f210ddad5dfeccf8 .github/copilot-instructions.md
900e6ea0142e963fae0b9bbd3c649bba3b28ab3eeca42182b54e78ce3b0199da .github/pull_request_template.md
81c540f278f6c105ed8832a50188d93786fce99c7fcc87db3d50ece5b79206d9 .github/workflows/axelliant-guardrails.yml
f089e7e67acefc36cc516f00c89023ac3740225e4d9a8f786c2c8d6e2fbb7afc .github/workflows/branch-cleanup.yml
54d4a6a167128ab4c25af5302a1cf04922fed3acac2a5c6c607395767223f84f .github/workflows/eng-wiki-sync.yml
3d12b47e868748e8260a9654654f92448f372ae91817586b985543e67abcd71d .github/workflows/notify.yml
360998f3985dbcecb4308aaa6bb8a081f15a377fe45bc3d3de185d40e64e9cd4 .github/workflows/pr-labeler.yml
0800e89e8fd89f2eeeea60399962f96bfedc0a1fe807493dd15603fb5121b469 .github/workflows/runner-select.yml
8f47de38c302075d490b1bd96c3e4ffcd3b5db900e9a9196afc876ec8697e1f9 .github/workflows/standards-update.yml
5c0bcbf06909b8aceb83facc4c3be2b2a58acd007f0a79da72b5a0ac3b7d1e4b .gitmessage
d2885220496d8a93d69717c383cac557176c84abb0a4d75053a0fc8b8ab7aa8c .junie/guidelines.md
6f9c191290ec98b17b65d89e187f2488ee9418c01af3cd5ce0522dd5e602a08d .windsurfrules
2c055d8398e4e9878e852e038ed1803e10e3e7e7dcdeea9f190907b922c5552a AGENTS.md
ce94bdc0ce69f5efe2c12e03ec9528dc006b2bbcb8c4be667dcb09400f019666 AIAGENTS.md
c3346b597bde583c6e25c8eef604e0e216749515b693ee7d57442067e25aa7ca CLAUDE.md
8dcc0aa2110acb0ca14d834196011c572606d0a4c049c67810d66146dab9f953 CODE_OF_CONDUCT.md
a7bbe7b8b94602f1d886273f41d46abb72e327ee01e73926319626ed4a5d9373 CONVENTIONS.md
ae76a1a37d0eb072fd628660fb4bb0b49be6594f84b6259cee593a62bd9a34ce GEMINI.md
91f34d909236c00ea33bdd2975e6be707fc0906947efc17baeffbcc0cf84f7c2 SECURITY.md
086dcf1792a28c93e14f6a235238326414c7e589e3b39fa5f14bcde6cb67411a cursor.md
569f743f50d95aeb513f5713290644e25829ca61408623bac99f7eaa46362f59 scripts/apply-github-ruleset.sh
fb2dcf40c7221fa6db7e76acb05dea8095cd08debaa95d6383cf9b8d59f36a2d scripts/check-applied-scripts.py
cb89311b15bb0277cff35cc7af0746d39f98adb542922ecd438ddd758f91040b scripts/check-before-push.ps1
087643ea6d98e97858ca4641f0f47d03b90f56e781d63f1aa4ae505d146626c6 scripts/check-before-push.sh
43bb2630160b9708f074b7fe67f396d9d5cdd4ec38c4e3d853230848ed02338e scripts/check-branch-name.sh
ad777f0e805c9465f316f8264005975093d661baed5423685715c1e0959c5fef scripts/check-code-docs.py
ec9ba8ac9177575983f8e16865f91bb317b9fa3b4c4d5b3978bc25a41a8ff596 scripts/check-console-logging.sh
95d85696fa65d537b62884d48aa7345a8eba285873fae0f5778f242f67ef388f scripts/check-coverage.py
15f96bcbb6b9a5e8288c753b052a367769194eef3f5fb81b8c41b1b7822d99e1 scripts/check-docker.py
12d426957f4a5eb492227fa53fb7474b4dbcb5169160ca26ddc2930e16a63e1c scripts/check-docs-drift.py
7b75ad3dffbbf8c403694834c3acdaeaccf08e6b0c6e2d39e46b8d5a487e6cf8 scripts/check-exception-leaks.sh
9f0459eb6c0115f3afd0979d5aefe337867ca19e488eaddd84f682ec8b1daaab scripts/check-file-length-budget.sh
55c780634e965d11d14ad96d5612f892bc5d10e9e53b61e92100e03efcf9eb07 scripts/check-infra-as-code.py
5c9600bfc744a88df9ebfac9fe8af8ce78c09a502c4aa3bef910dfdb8843e526 scripts/check-method-length.sh
a06d4865d1439a5a97d61eb601f0eff8edac0f0be8069ab8908cbf2c0ce8bc66 scripts/check-migration-extensions.py
7f596cb3d6bf4e394297300ca011774283e229d09e3f7e9f3e33e6799d2f7577 scripts/check-naming-conventions.py
95da270b5076ad765f869337cd3792381deba8ad8e21e0d06cd3d4e23591ac69 scripts/check-promotion-source.sh
011f3cad3ac1dce2bb6e697e2ccc5237d492f3b70053faade9986ad7c1e8da23 scripts/check-repo-hygiene.sh
a0f1601f4dd6123d5b0894fc7468806e03c1cf1d45b1a29d2b68272664a17d50 scripts/check-schema-drift.sh
5c91f430ce1264a73814f5ba1b905beb85af1f3dbf0b275e61266c6e584a06c5 scripts/check-ticket-reference.sh
e1824e2722074e66a21a2377f35234cfc83b890912344adb55a93fb13d921cd7 scripts/check-workflow-interpolation.py
d4c462168f1abd27ffcf9073ee84b2f4bf047eee62867edf8179c8c747fa77c4 scripts/exception-leaks.py
23b993c0a7cac9e3a45bdf74d269cba56dd64671536ec86e7a458bbaeac1b21b scripts/generate-schema-contract.sh
0cf40603abbe95c09806e75469eebec9b38444323f44a3806a6a350ac43469cb scripts/install-git-hooks.sh
0e669adb70af43879d6cdf3583f4690c6994502c5b7094a7a7f57de034a0a486 scripts/lib/ax_config.py
097f135e0fbea6316187a876fec588eb730a9c36a6308ca2cc5ffcdd695ec8d3 scripts/lib/config.sh
0c79a0bdcad7deeafe998d32c53f2a3b2b35077c0b94f5ee027df7812ac72f47 scripts/lib/filter-added.py
f043490548111b5b071488e7ceee009f0645e3790171679edd2113023423e82e scripts/lib/globs.py
8c270ce2097dfa2da465e45566a27313f8b0bcfa585820baee858810c39d5cba scripts/lib/python-interpreter.sh
11cb4cad9d2e470cbd75cf4c57aaa1ba15f7f8e3ecd062271c57ddb314600bb1 scripts/lib/sqlserver-schema.sql
52ad8f1f1bcabe9e6512376840331292f624df3a3f858d54cf64fc8fe46b781a scripts/lib/ticket.sh
3de981565c3cfcbda28f1fc05d295683763eb296c8c90d91b56868ec8a3fecd7 scripts/link-standards.sh
079a3886dfcab91d990a5dab16d41cae08a9588567a087f5c2cee82d9104386c scripts/method-length.py
393120ac77cd5eab4e06edd3c3a3e91e4abef46fbbf58c59c9d863452821e4e6 scripts/sync-standards.sh
